{
  "name": "@mymonero/mymonero-tx-parsing-utils",
  "version": "2.1.10",
  "lockfileVersion": 2,
  "requires": true,
  "packages": {
    "": {
      "name": "@mymonero/mymonero-tx-parsing-utils",
      "version": "2.1.10",
      "license": "BSD-3-Clause",
      "dependencies": {
        "@mymonero/mymonero-bigint": "^2.1.10",
        "@mymonero/mymonero-keyimage-cache": "^2.1.10",
        "@mymonero/mymonero-monero-config": "^2.1.10",
        "@mymonero/mymonero-money-format": "^2.1.10",
        "moment": "^2.29.2"
      }
    },
    "node_modules/@mymonero/mymonero-bigint": {
      "version": "2.1.10",
      "resolved": "https://registry.npmjs.org/@mymonero/mymonero-bigint/-/mymonero-bigint-2.1.10.tgz",
      "integrity": "sha512-25XwaAT4pEjRnZUNxxMtwMx469qNYUOhxnl0Y1Od5KgQMup1l0boNhTwyX5zbPz1+Eqv1WnQtooc4z3r21so4A=="
    },
    "node_modules/@mymonero/mymonero-keyimage-cache": {
      "version": "2.1.10",
      "resolved": "https://registry.npmjs.org/@mymonero/mymonero-keyimage-cache/-/mymonero-keyimage-cache-2.1.10.tgz",
      "integrity": "sha512-4IdYLQ0btjPlCDIzlESkry1yY4XLB96wApSscX79OlW8RHqC0gTq8eh8BqW8DZWy47AZiqRzzJlwWdhqUcomGA=="
    },
    "node_modules/@mymonero/mymonero-monero-config": {
      "version": "2.1.10",
      "resolved": "https://registry.npmjs.org/@mymonero/mymonero-monero-config/-/mymonero-monero-config-2.1.10.tgz",
      "integrity": "sha512-ERYnnWGkZTT4zEBon8KW/jToKEhdwfFJhJS1YMeb0DenR1v7HcPrW1Wtv2QE5F5PqwZVaPgS/2qlRiSG3qsRDw==",
      "dependencies": {
        "@mymonero/mymonero-bigint": "^2.1.10"
      }
    },
    "node_modules/@mymonero/mymonero-money-format": {
      "version": "2.1.10",
      "resolved": "https://registry.npmjs.org/@mymonero/mymonero-money-format/-/mymonero-money-format-2.1.10.tgz",
      "integrity": "sha512-whyf+4KctZHFtHEh8mqFX+sVqzwaXua9nypj+I9qC3i4FUotBtO1eCS9vtZIqpFgSdg7zUIjGq29cN9evAd13w==",
      "dependencies": {
        "@mymonero/mymonero-bigint": "^2.1.10"
      }
    },
    "node_modules/moment": {
      "version": "2.29.4",
      "resolved": "https://registry.npmjs.org/moment/-/moment-2.29.4.tgz",
      "integrity": "sha512-5LC9SOxjSc2HF6vO2CyuTDNivEdoz2IvyJJGj6X8DJ0eFyfszE0QiEd+iXmBvUP3WHxSjFH/vIsA0EN00cgr8w==",
      "engines": {
        "node": "*"
      }
    }
  },
  "dependencies": {
    "@mymonero/mymonero-bigint": {
      "version": "2.1.10",
      "resolved": "https://registry.npmjs.org/@mymonero/mymonero-bigint/-/mymonero-bigint-2.1.10.tgz",
      "integrity": "sha512-25XwaAT4pEjRnZUNxxMtwMx469qNYUOhxnl0Y1Od5KgQMup1l0boNhTwyX5zbPz1+Eqv1WnQtooc4z3r21so4A=="
    },
    "@mymonero/mymonero-keyimage-cache": {
      "version": "2.1.10",
      "resolved": "https://registry.npmjs.org/@mymonero/mymonero-keyimage-cache/-/mymonero-keyimage-cache-2.1.10.tgz",
      "integrity": "sha512-4IdYLQ0btjPlCDIzlESkry1yY4XLB96wApSscX79OlW8RHqC0gTq8eh8BqW8DZWy47AZiqRzzJlwWdhqUcomGA=="
    },
    "@mymonero/mymonero-monero-config": {
      "version": "2.1.10",
      "resolved": "https://registry.npmjs.org/@mymonero/mymonero-monero-config/-/mymonero-monero-config-2.1.10.tgz",
      "integrity": "sha512-ERYnnWGkZTT4zEBon8KW/jToKEhdwfFJhJS1YMeb0DenR1v7HcPrW1Wtv2QE5F5PqwZVaPgS/2qlRiSG3qsRDw==",
      "requires": {
        "@mymonero/mymonero-bigint": "^2.1.10"
      }
    },
    "@mymonero/mymonero-money-format": {
      "version": "2.1.10",
      "resolved": "https://registry.npmjs.org/@mymonero/mymonero-money-format/-/mymonero-money-format-2.1.10.tgz",
      "integrity": "sha512-whyf+4KctZHFtHEh8mqFX+sVqzwaXua9nypj+I9qC3i4FUotBtO1eCS9vtZIqpFgSdg7zUIjGq29cN9evAd13w==",
      "requires": {
        "@mymonero/mymonero-bigint": "^2.1.10"
      }
    },
    "moment": {
      "version": "2.29.4",
      "resolved": "https://registry.npmjs.org/moment/-/moment-2.29.4.tgz",
      "integrity": "sha512-5LC9SOxjSc2HF6vO2CyuTDNivEdoz2IvyJJGj6X8DJ0eFyfszE0QiEd+iXmBvUP3WHxSjFH/vIsA0EN00cgr8w=="
    }
  }
}
