{
  "name": "@mymonero/mymonero-exchange-helper",
  "version": "2.0.0",
  "lockfileVersion": 1,
  "requires": true,
  "dependencies": {
    "@mymonero/mymonero-bigint": {
      "version": "2.0.1",
      "resolved": "https://registry.npmjs.org/@mymonero/mymonero-bigint/-/mymonero-bigint-2.0.1.tgz",
      "integrity": "sha512-o+HOC+hxrMpOusIuoxGdtDRSkjx+jq6eU+fpSeQwpfH4bjHSD2sh3k3GH9foNVwx1VDVk4NPuvxZiBW4FZ2S8A=="
    },
    "@mymonero/mymonero-exchange": {
      "version": "2.0.1",
      "resolved": "https://registry.npmjs.org/@mymonero/mymonero-exchange/-/mymonero-exchange-2.0.1.tgz",
      "integrity": "sha512-ZCkuGcTNooUBhPxAkm9a0qR0E/kM2N8/GMAnTWzurcrdpaCfmkbZxkRoyEfPSCA6aCyFPv+RSTevkNZyOJz7Bg==",
      "requires": {
        "axios": "^0.21.3",
        "process": "^0.11.10"
      }
    },
    "@mymonero/mymonero-money-format": {
      "version": "2.0.1",
      "resolved": "https://registry.npmjs.org/@mymonero/mymonero-money-format/-/mymonero-money-format-2.0.1.tgz",
      "integrity": "sha512-tePAmqGq5jMG3jhakbcj7nlQZGp7/bC9AiIAOLoQHEc6WadG/fFN4YSkOnBRGIUKO+fegNOLf4DRQWz4V7QTJQ==",
      "requires": {
        "@mymonero/mymonero-bigint": "^2.0.1"
      }
    },
    "axios": {
      "version": "0.21.4",
      "resolved": "https://registry.npmjs.org/axios/-/axios-0.21.4.tgz",
      "integrity": "sha512-ut5vewkiu8jjGBdqpM44XxjuCjq9LAKeHVmoVfHVzy8eHgxxq8SbAVQNovDA8mVi05kP0Ea/n/UzcSHcTJQfNg==",
      "requires": {
        "follow-redirects": "^1.14.0"
      }
    },
    "follow-redirects": {
      "version": "1.14.9",
      "resolved": "https://registry.npmjs.org/follow-redirects/-/follow-redirects-1.14.9.tgz",
      "integrity": "sha512-MQDfihBQYMcyy5dhRDJUHcw7lb2Pv/TuE6xP1vyraLukNDHKbDxDNaOE3NbCAdKQApno+GPRyo1YAp89yCjK4w=="
    },
    "process": {
      "version": "0.11.10",
      "resolved": "https://registry.npmjs.org/process/-/process-0.11.10.tgz",
      "integrity": "sha1-czIwDoQBYb2j5podHZGn1LwW8YI="
    }
  }
}
