{
  "name": "@mymonero/mymonero-exchange-helper",
  "version": "3.0.0",
  "lockfileVersion": 1,
  "requires": true,
  "dependencies": {
    "@mymonero/mymonero-bigint": {
      "version": "3.0.0",
      "resolved": "https://registry.npmjs.org/@mymonero/mymonero-bigint/-/mymonero-bigint-3.0.0.tgz",
      "integrity": "sha512-36ywDDmC1qCJ4n5fKjFgljZfw4hGlD7tpkoAd6KTzTqtew/zNcxl43n4DybpbRYpX0d2B2YQ79EnS+joBEFVaA=="
    },
    "@mymonero/mymonero-exchange": {
      "version": "3.0.0",
      "resolved": "https://registry.npmjs.org/@mymonero/mymonero-exchange/-/mymonero-exchange-3.0.0.tgz",
      "integrity": "sha512-7feu0vb1PAznhU1I+uWqaRdpjhmxVuGGNp+gf351Ih+JKaI2k80clo7srY/H/ihr82L9zVejryM3NvYdaxwI9g==",
      "requires": {
        "axios": "^0.21.3",
        "process": "^0.11.10"
      },
      "dependencies": {
        "axios": {
          "version": "0.21.4",
          "resolved": "https://registry.npmjs.org/axios/-/axios-0.21.4.tgz",
          "integrity": "sha512-ut5vewkiu8jjGBdqpM44XxjuCjq9LAKeHVmoVfHVzy8eHgxxq8SbAVQNovDA8mVi05kP0Ea/n/UzcSHcTJQfNg==",
          "requires": {
            "follow-redirects": "^1.14.0"
          }
        }
      }
    },
    "@mymonero/mymonero-money-format": {
      "version": "3.0.0",
      "resolved": "https://registry.npmjs.org/@mymonero/mymonero-money-format/-/mymonero-money-format-3.0.0.tgz",
      "integrity": "sha512-1cD7+e5HScW3l7apgB5RjT57vcEEIn6iv2d4AEpQlWem54qIq34X/eEXDZzfhX1YlYIws4W8Ch/+oKjkaJggng==",
      "requires": {
        "@mymonero/mymonero-bigint": "^3.0.0"
      }
    },
    "axios": {
      "version": "0.21.2",
      "resolved": "https://registry.npmjs.org/axios/-/axios-0.21.2.tgz",
      "integrity": "sha512-87otirqUw3e8CzHTMO+/9kh/FSgXt/eVDvipijwDtEuwbkySWZ9SBm6VEubmJ/kLKEoLQV/POhxXFb66bfekfg==",
      "requires": {
        "follow-redirects": "^1.14.0"
      }
    },
    "follow-redirects": {
      "version": "1.15.2",
      "resolved": "https://registry.npmjs.org/follow-redirects/-/follow-redirects-1.15.2.tgz",
      "integrity": "sha512-VQLG33o04KaQ8uYi2tVNbdrWp1QWxNNea+nmIB4EVM28v0hmP17z7aG1+wAkNzVq4KeXTq3221ye5qTJP91JwA=="
    },
    "process": {
      "version": "0.11.10",
      "resolved": "https://registry.npmjs.org/process/-/process-0.11.10.tgz",
      "integrity": "sha512-cdGef/drWFoydD1JsMzuFf8100nZl+GT+yacc2bEced5f9Rjk4z+WtFUTBu9PhOi9j/jfmBPu0mMEY4wIdAF8A=="
    }
  }
}
