{
  "name": "@mymonero/mymonero-exchange-helper",
  "version": "1.4.2",
  "lockfileVersion": 1,
  "requires": true,
  "dependencies": {
    "@mymonero/mymonero-bigint": {
      "version": "1.4.2",
      "resolved": "https://registry.npmjs.org/@mymonero/mymonero-bigint/-/mymonero-bigint-1.4.2.tgz",
      "integrity": "sha512-JVGPBWT9jeCNaXAW1vnZEHnX+flP8Wl/FC6sq2bwan9nblAkRB59UsAzpOm8VjiPwmUqm073sekLsIpAgUB2IQ=="
    },
    "@mymonero/mymonero-exchange": {
      "version": "1.4.2",
      "resolved": "https://registry.npmjs.org/@mymonero/mymonero-exchange/-/mymonero-exchange-1.4.2.tgz",
      "integrity": "sha512-apJna+1wQpKjem7mz2UKJE+7xiW9kEPVBdGPitC3d/RsPRkMrikQYToGyQsFMioNCbGc4pZW/VjhTMR7ZXh9vw==",
      "requires": {
        "axios": "^0.21.1",
        "process": "^0.11.10"
      }
    },
    "@mymonero/mymonero-money-format": {
      "version": "1.4.2",
      "resolved": "https://registry.npmjs.org/@mymonero/mymonero-money-format/-/mymonero-money-format-1.4.2.tgz",
      "integrity": "sha512-M+VXwrF/fnkGOSsy9f+DwtLz940MeMknkpiPICtFXDtL8/vluQBenxiq+qC5pr5LYYPqvP4TGK2wKxqSORORZw==",
      "requires": {
        "@mymonero/mymonero-bigint": "^1.4.2"
      }
    },
    "axios": {
      "version": "0.21.1",
      "resolved": "https://registry.npmjs.org/axios/-/axios-0.21.1.tgz",
      "integrity": "sha512-dKQiRHxGD9PPRIUNIWvZhPTPpl1rf/OxTYKsqKUDjBwYylTvV7SjSHJb9ratfyzM6wCdLCOYLzs73qpg5c4iGA==",
      "requires": {
        "follow-redirects": "^1.10.0"
      }
    },
    "follow-redirects": {
      "version": "1.14.8",
      "resolved": "https://registry.npmjs.org/follow-redirects/-/follow-redirects-1.14.8.tgz",
      "integrity": "sha512-1x0S9UVJHsQprFcEC/qnNzBLcIxsjAV905f/UkQxbclCsoTWlacCNOpQa/anodLl2uaEKFhfWOvM2Qg77+15zA=="
    },
    "process": {
      "version": "0.11.10",
      "resolved": "https://registry.npmjs.org/process/-/process-0.11.10.tgz",
      "integrity": "sha1-czIwDoQBYb2j5podHZGn1LwW8YI="
    }
  }
}
